
Microsoft Visual Studio Solution File, Format Version 12.00
# Visual Studio Version 17
VisualStudioVersion = 17.5.002.0
MinimumVisualStudioVersion = 10.0.40219.1
Project("{9A19103F-16F7-4668-BE54-9A1E7A4F7556}") = "microservcolegio", "microservcolegio\microservcolegio.csproj", "{26BE48D4-262B-4893-B46A-23C1CEAECF7B}"
EndProject
Global
	GlobalSection(SolutionConfigurationPlatforms) = preSolution
		Debug|Any CPU = Debug|Any CPU
		Release|Any CPU = Release|Any CPU
	EndGlobalSection
	GlobalSection(ProjectConfigurationPlatforms) = postSolution
		{26BE48D4-262B-4893-B46A-23C1CEAECF7B}.Debug|Any CPU.ActiveCfg = Debug|Any CPU
		{26BE48D4-262B-4893-B46A-23C1CEAECF7B}.Debug|Any CPU.Build.0 = Debug|Any CPU
		{26BE48D4-262B-4893-B46A-23C1CEAECF7B}.Release|Any CPU.ActiveCfg = Release|Any CPU
		{26BE48D4-262B-4893-B46A-23C1CEAECF7B}.Release|Any CPU.Build.0 = Release|Any CPU
	EndGlobalSection
	GlobalSection(SolutionProperties) = preSolution
		HideSolutionNode = FALSE
	EndGlobalSection
	GlobalSection(ExtensibilityGlobals) = postSolution
		SolutionGuid = {C37AFA9B-EA38-4FD2-BFA9-321DB004A4C9}
	EndGlobalSection
EndGlobal
